
Microsoft Visual Studio Solution File, Format Version 12.00
# Visual Studio 15
VisualStudioVersion = 15.0.26730.16
MinimumVisualStudioVersion = 10.0.40219.1
Project("{FAE04EC0-301F-11D3-BF4B-00C04F79EFBC}") = "ig.caching", "ig.caching\ig.caching.csproj", "{A7E9CCC4-05DD-4D52-80E7-FD67362237C3}"
EndProject
Project("{FAE04EC0-301F-11D3-BF4B-00C04F79EFBC}") = "ig.caching.memory", "ig.caching.memory\ig.caching.memory.csproj", "{58571301-2C78-463E-B430-D7B9FB458FE5}"
EndProject
Global
	GlobalSection(SolutionConfigurationPlatforms) = preSolution
		Debug|Any CPU = Debug|Any CPU
		Release|Any CPU = Release|Any CPU
	EndGlobalSection
	GlobalSection(ProjectConfigurationPlatforms) = postSolution
		{A7E9CCC4-05DD-4D52-80E7-FD67362237C3}.Debug|Any CPU.ActiveCfg = Debug|Any CPU
		{A7E9CCC4-05DD-4D52-80E7-FD67362237C3}.Debug|Any CPU.Build.0 = Debug|Any CPU
		{A7E9CCC4-05DD-4D52-80E7-FD67362237C3}.Release|Any CPU.ActiveCfg = Release|Any CPU
		{A7E9CCC4-05DD-4D52-80E7-FD67362237C3}.Release|Any CPU.Build.0 = Release|Any CPU
		{58571301-2C78-463E-B430-D7B9FB458FE5}.Debug|Any CPU.ActiveCfg = Debug|Any CPU
		{58571301-2C78-463E-B430-D7B9FB458FE5}.Debug|Any CPU.Build.0 = Debug|Any CPU
		{58571301-2C78-463E-B430-D7B9FB458FE5}.Release|Any CPU.ActiveCfg = Release|Any CPU
		{58571301-2C78-463E-B430-D7B9FB458FE5}.Release|Any CPU.Build.0 = Release|Any CPU
	EndGlobalSection
	GlobalSection(SolutionProperties) = preSolution
		HideSolutionNode = FALSE
	EndGlobalSection
	GlobalSection(ExtensibilityGlobals) = postSolution
		SolutionGuid = {99037571-5640-4A99-B576-EC233AAD3C43}
	EndGlobalSection
EndGlobal
